
Microsoft Visual Studio Solution File, Format Version 12.00
# Visual Studio Version 17
VisualStudioVersion = 17.4.33110.190
MinimumVisualStudioVersion = 10.0.40219.1
Project("{FAE04EC0-301F-11D3-BF4B-00C04F79EFBC}") = "PrampAlgorithm", "PrampAlgorithm\PrampAlgorithm.csproj", "{D46E8D38-F100-45F8-B5CD-169946F8A170}"
EndProject
Global
	GlobalSection(SolutionConfigurationPlatforms) = preSolution
		Debug|Any CPU = Debug|Any CPU
		Release|Any CPU = Release|Any CPU
	EndGlobalSection
	GlobalSection(ProjectConfigurationPlatforms) = postSolution
		{D46E8D38-F100-45F8-B5CD-169946F8A170}.Debug|Any CPU.ActiveCfg = Debug|Any CPU
		{D46E8D38-F100-45F8-B5CD-169946F8A170}.Debug|Any CPU.Build.0 = Debug|Any CPU
		{D46E8D38-F100-45F8-B5CD-169946F8A170}.Release|Any CPU.ActiveCfg = Release|Any CPU
		{D46E8D38-F100-45F8-B5CD-169946F8A170}.Release|Any CPU.Build.0 = Release|Any CPU
	EndGlobalSection
	GlobalSection(SolutionProperties) = preSolution
		HideSolutionNode = FALSE
	EndGlobalSection
	GlobalSection(ExtensibilityGlobals) = postSolution
		SolutionGuid = {95F98071-0CE9-47B3-BEB0-870DD2C4EFE2}
	EndGlobalSection
EndGlobal
